// !$*UTF8*$!
{
	archiveVersion = 1;
	classes = {
	};
	objectVersion = 56;
	objects = {

/* Begin PBXBuildFile section */
		D751F7F32C2F13650002E2FB /* AppDelegate.swift in Sources */ = {isa = PBXBuildFile; fileRef = D751F7F22C2F13650002E2FB /* AppDelegate.swift */; };
		D751F7F52C2F13650002E2FB /* SceneDelegate.swift in Sources */ = {isa = PBXBuildFile; fileRef = D751F7F42C2F13650002E2FB /* SceneDelegate.swift */; };
		D751F7F72C2F13650002E2FB /* ListingVC.swift in Sources */ = {isa = PBXBuildFile; fileRef = D751F7F62C2F13650002E2FB /* ListingVC.swift */; };
		D751F7FA2C2F13650002E2FB /* Main.storyboard in Resources */ = {isa = PBXBuildFile; fileRef = D751F7F82C2F13650002E2FB /* Main.storyboard */; };
		D751F7FC2C2F13670002E2FB /* Assets.xcassets in Resources */ = {isa = PBXBuildFile; fileRef = D751F7FB2C2F13670002E2FB /* Assets.xcassets */; };
		D751F7FF2C2F13670002E2FB /* LaunchScreen.storyboard in Resources */ = {isa = PBXBuildFile; fileRef = D751F7FD2C2F13670002E2FB /* LaunchScreen.storyboard */; };
		D751F80A2C2F2C710002E2FB /* Constants.swift in Sources */ = {isa = PBXBuildFile; fileRef = D751F8092C2F2C710002E2FB /* Constants.swift */; };
		D751F8102C2F31F30002E2FB /* ListRowCell.swift in Sources */ = {isa = PBXBuildFile; fileRef = D751F80E2C2F31F30002E2FB /* ListRowCell.swift */; };
		D751F8112C2F31F30002E2FB /* ListRowCell.xib in Resources */ = {isa = PBXBuildFile; fileRef = D751F80F2C2F31F30002E2FB /* ListRowCell.xib */; };
		D751F8142C2F352A0002E2FB /* PhotoModel.swift in Sources */ = {isa = PBXBuildFile; fileRef = D751F8132C2F352A0002E2FB /* PhotoModel.swift */; };
		D751F8172C2F37210002E2FB /* NetworkManager.swift in Sources */ = {isa = PBXBuildFile; fileRef = D751F8162C2F37210002E2FB /* NetworkManager.swift */; };
/* End PBXBuildFile section */

/* Begin PBXFileReference section */
		D751F7EF2C2F13650002E2FB /* ImageGallery.app */ = {isa = PBXFileReference; explicitFileType = wrapper.application; includeInIndex = 0; path = ImageGallery.app; sourceTree = BUILT_PRODUCTS_DIR; };
		D751F7F22C2F13650002E2FB /* AppDelegate.swift */ = {isa = PBXFileReference; lastKnownFileType = sourcecode.swift; path = AppDelegate.swift; sourceTree = "<group>"; };
		D751F7F42C2F13650002E2FB /* SceneDelegate.swift */ = {isa = PBXFileReference; lastKnownFileType = sourcecode.swift; path = SceneDelegate.swift; sourceTree = "<group>"; };
		D751F7F62C2F13650002E2FB /* ListingVC.swift */ = {isa = PBXFileReference; lastKnownFileType = sourcecode.swift; path = ListingVC.swift; sourceTree = "<group>"; };
		D751F7F92C2F13650002E2FB /* Base */ = {isa = PBXFileReference; lastKnownFileType = file.storyboard; name = Base; path = Base.lproj/Main.storyboard; sourceTree = "<group>"; };
		D751F7FB2C2F13670002E2FB /* Assets.xcassets */ = {isa = PBXFileReference; lastKnownFileType = folder.assetcatalog; path = Assets.xcassets; sourceTree = "<group>"; };
		D751F7FE2C2F13670002E2FB /* Base */ = {isa = PBXFileReference; lastKnownFileType = file.storyboard; name = Base; path = Base.lproj/LaunchScreen.storyboard; sourceTree = "<group>"; };
		D751F8002C2F13670002E2FB /* Info.plist */ = {isa = PBXFileReference; lastKnownFileType = text.plist.xml; path = Info.plist; sourceTree = "<group>"; };
		D751F8092C2F2C710002E2FB /* Constants.swift */ = {isa = PBXFileReference; lastKnownFileType = sourcecode.swift; path = Constants.swift; sourceTree = "<group>"; };
		D751F80E2C2F31F30002E2FB /* ListRowCell.swift */ = {isa = PBXFileReference; lastKnownFileType = sourcecode.swift; path = ListRowCell.swift; sourceTree = "<group>"; };
		D751F80F2C2F31F30002E2FB /* ListRowCell.xib */ = {isa = PBXFileReference; lastKnownFileType = file.xib; path = ListRowCell.xib; sourceTree = "<group>"; };
		D751F8132C2F352A0002E2FB /* PhotoModel.swift */ = {isa = PBXFileReference; lastKnownFileType = sourcecode.swift; path = PhotoModel.swift; sourceTree = "<group>"; };
		D751F8162C2F37210002E2FB /* NetworkManager.swift */ = {isa = PBXFileReference; lastKnownFileType = sourcecode.swift; path = NetworkManager.swift; sourceTree = "<group>"; };
/* End PBXFileReference section */

/* Begin PBXFrameworksBuildPhase section */
		D751F7EC2C2F13650002E2FB /* Frameworks */ = {
			isa = PBXFrameworksBuildPhase;
			buildActionMask = 2147483647;
			files = (
			);
			runOnlyForDeploymentPostprocessing = 0;
		};
/* End PBXFrameworksBuildPhase section */

/* Begin PBXGroup section */
		D751F7E62C2F13650002E2FB = {
			isa = PBXGroup;
			children = (
				D751F7F12C2F13650002E2FB /* ImageGallery */,
				D751F7F02C2F13650002E2FB /* Products */,
			);
			sourceTree = "<group>";
		};
		D751F7F02C2F13650002E2FB /* Products */ = {
			isa = PBXGroup;
			children = (
				D751F7EF2C2F13650002E2FB /* ImageGallery.app */,
			);
			name = Products;
			sourceTree = "<group>";
		};
		D751F7F12C2F13650002E2FB /* ImageGallery */ = {
			isa = PBXGroup;
			children = (
				D751F8152C2F37050002E2FB /* NetworkManager */,
				D751F8122C2F350C0002E2FB /* Model */,
				D751F8082C2F2C540002E2FB /* Helper */,
				D751F8072C2F2C480002E2FB /* ViewModel */,
				D751F80D2C2F31030002E2FB /* View */,
				D751F8062C2F137A0002E2FB /* ViewController */,
				D751F7F22C2F13650002E2FB /* AppDelegate.swift */,
				D751F7F42C2F13650002E2FB /* SceneDelegate.swift */,
				D751F7F82C2F13650002E2FB /* Main.storyboard */,
				D751F7FB2C2F13670002E2FB /* Assets.xcassets */,
				D751F7FD2C2F13670002E2FB /* LaunchScreen.storyboard */,
				D751F8002C2F13670002E2FB /* Info.plist */,
			);
			path = ImageGallery;
			sourceTree = "<group>";
		};
		D751F8062C2F137A0002E2FB /* ViewController */ = {
			isa = PBXGroup;
			children = (
				D751F7F62C2F13650002E2FB /* ListingVC.swift */,
			);
			path = ViewController;
			sourceTree = "<group>";
		};
		D751F8072C2F2C480002E2FB /* ViewModel */ = {
			isa = PBXGroup;
			children = (
			);
			path = ViewModel;
			sourceTree = "<group>";
		};
		D751F8082C2F2C540002E2FB /* Helper */ = {
			isa = PBXGroup;
			children = (
				D751F8092C2F2C710002E2FB /* Constants.swift */,
			);
			path = Helper;
			sourceTree = "<group>";
		};
		D751F80D2C2F31030002E2FB /* View */ = {
			isa = PBXGroup;
			children = (
				D751F80E2C2F31F30002E2FB /* ListRowCell.swift */,
				D751F80F2C2F31F30002E2FB /* ListRowCell.xib */,
			);
			path = View;
			sourceTree = "<group>";
		};
		D751F8122C2F350C0002E2FB /* Model */ = {
			isa = PBXGroup;
			children = (
				D751F8132C2F352A0002E2FB /* PhotoModel.swift */,
			);
			path = Model;
			sourceTree = "<group>";
		};
		D751F8152C2F37050002E2FB /* NetworkManager */ = {
			isa = PBXGroup;
			children = (
				D751F8162C2F37210002E2FB /* NetworkManager.swift */,
			);
			path = NetworkManager;
			sourceTree = "<group>";
		};
/* End PBXGroup section */

/* Begin PBXNativeTarget section */
		D751F7EE2C2F13650002E2FB /* ImageGallery */ = {
			isa = PBXNativeTarget;
			buildConfigurationList = D751F8032C2F13670002E2FB /* Build configuration list for PBXNativeTarget "ImageGallery" */;
			buildPhases = (
				D751F7EB2C2F13650002E2FB /* Sources */,
				D751F7EC2C2F13650002E2FB /* Frameworks */,
				D751F7ED2C2F13650002E2FB /* Resources */,
			);
			buildRules = (
			);
			dependencies = (
			);
			name = ImageGallery;
			productName = ImageGallery;
			productReference = D751F7EF2C2F13650002E2FB /* ImageGallery.app */;
			productType = "com.apple.product-type.application";
		};
/* End PBXNativeTarget section */

/* Begin PBXProject section */
		D751F7E72C2F13650002E2FB /* Project object */ = {
			isa = PBXProject;
			attributes = {
				BuildIndependentTargetsInParallel = 1;
				LastSwiftUpdateCheck = 1510;
				LastUpgradeCheck = 1510;
				TargetAttributes = {
					D751F7EE2C2F13650002E2FB = {
						CreatedOnToolsVersion = 15.1;
					};
				};
			};
			buildConfigurationList = D751F7EA2C2F13650002E2FB /* Build configuration list for PBXProject "ImageGallery" */;
			compatibilityVersion = "Xcode 14.0";
			developmentRegion = en;
			hasScannedForEncodings = 0;
			knownRegions = (
				en,
				Base,
			);
			mainGroup = D751F7E62C2F13650002E2FB;
			productRefGroup = D751F7F02C2F13650002E2FB /* Products */;
			projectDirPath = "";
			projectRoot = "";
			targets = (
				D751F7EE2C2F13650002E2FB /* ImageGallery */,
			);
		};
/* End PBXProject section */

/* Begin PBXResourcesBuildPhase section */
		D751F7ED2C2F13650002E2FB /* Resources */ = {
			isa = PBXResourcesBuildPhase;
			buildActionMask = 2147483647;
			files = (
				D751F8112C2F31F30002E2FB /* ListRowCell.xib in Resources */,
				D751F7FF2C2F13670002E2FB /* LaunchScreen.storyboard in Resources */,
				D751F7FC2C2F13670002E2FB /* Assets.xcassets in Resources */,
				D751F7FA2C2F13650002E2FB /* Main.storyboard in Resources */,
			);
			runOnlyForDeploymentPostprocessing = 0;
		};
/* End PBXResourcesBuildPhase section */

/* Begin PBXSourcesBuildPhase section */
		D751F7EB2C2F13650002E2FB /* Sources */ = {
			isa = PBXSourcesBuildPhase;
			buildActionMask = 2147483647;
			files = (
				D751F8142C2F352A0002E2FB /* PhotoModel.swift in Sources */,
				D751F7F72C2F13650002E2FB /* ListingVC.swift in Sources */,
				D751F7F32C2F13650002E2FB /* AppDelegate.swift in Sources */,
				D751F8172C2F37210002E2FB /* NetworkManager.swift in Sources */,
				D751F80A2C2F2C710002E2FB /* Constants.swift in Sources */,
				D751F7F52C2F13650002E2FB /* SceneDelegate.swift in Sources */,
				D751F8102C2F31F30002E2FB /* ListRowCell.swift in Sources */,
			);
			runOnlyForDeploymentPostprocessing = 0;
		};
/* End PBXSourcesBuildPhase section */

/* Begin PBXVariantGroup section */
		D751F7F82C2F13650002E2FB /* Main.storyboard */ = {
			isa = PBXVariantGroup;
			children = (
				D751F7F92C2F13650002E2FB /* Base */,
			);
			name = Main.storyboard;
			sourceTree = "<group>";
		};
		D751F7FD2C2F13670002E2FB /* LaunchScreen.storyboard */ = {
			isa = PBXVariantGroup;
			children = (
				D751F7FE2C2F13670002E2FB /* Base */,
			);
			name = LaunchScreen.storyboard;
			sourceTree = "<group>";
		};
/* End PBXVariantGroup section */

/* Begin XCBuildConfiguration section */
		D751F8012C2F13670002E2FB /* Debug */ = {
			isa = XCBuildConfiguration;
			buildSettings = {
				ALWAYS_SEARCH_USER_PATHS = NO;
				ASSETCATALOG_COMPILER_GENERATE_SWIFT_ASSET_SYMBOL_EXTENSIONS = YES;
				CLANG_ANALYZER_NONNULL = YES;
				CLANG_ANALYZER_NUMBER_OBJECT_CONVERSION = YES_AGGRESSIVE;
				CLANG_CXX_LANGUAGE_STANDARD = "gnu++20";
				CLANG_ENABLE_MODULES = YES;
				CLANG_ENABLE_OBJC_ARC = YES;
				CLANG_ENABLE_OBJC_WEAK = YES;
				CLANG_WARN_BLOCK_CAPTURE_AUTORELEASING = YES;
				CLANG_WARN_BOOL_CONVERSION = YES;
				CLANG_WARN_COMMA = YES;
				CLANG_WARN_CONSTANT_CONVERSION = YES;
				CLANG_WARN_DEPRECATED_OBJC_IMPLEMENTATIONS = YES;
				CLANG_WARN_DIRECT_OBJC_ISA_USAGE = YES_ERROR;
				CLANG_WARN_DOCUMENTATION_COMMENTS = YES;
				CLANG_WARN_EMPTY_BODY = YES;
				CLANG_WARN_ENUM_CONVERSION = YES;
				CLANG_WARN_INFINITE_RECURSION = YES;
				CLANG_WARN_INT_CONVERSION = YES;
				CLANG_WARN_NON_LITERAL_NULL_CONVERSION = YES;
				CLANG_WARN_OBJC_IMPLICIT_RETAIN_SELF = YES;
				CLANG_WARN_OBJC_LITERAL_CONVERSION = YES;
				CLANG_WARN_OBJC_ROOT_CLASS = YES_ERROR;
				CLANG_WARN_QUOTED_INCLUDE_IN_FRAMEWORK_HEADER = YES;
				CLANG_WARN_RANGE_LOOP_ANALYSIS = YES;
				CLANG_WARN_STRICT_PROTOTYPES = YES;
				CLANG_WARN_SUSPICIOUS_MOVE = YES;
				CLANG_WARN_UNGUARDED_AVAILABILITY = YES_AGGRESSIVE;
				CLANG_WARN_UNREACHABLE_CODE = YES;
				CLANG_WARN__DUPLICATE_METHOD_MATCH = YES;
				COPY_PHASE_STRIP = NO;
				DEBUG_INFORMATION_FORMAT = dwarf;
				ENABLE_STRICT_OBJC_MSGSEND = YES;
				ENABLE_TESTABILITY = YES;
				ENABLE_USER_SCRIPT_SANDBOXING = YES;
				GCC_C_LANGUAGE_STANDARD = gnu17;
				GCC_DYNAMIC_NO_PIC = NO;
				GCC_NO_COMMON_BLOCKS = YES;
				GCC_OPTIMIZATION_LEVEL = 0;
				GCC_PREPROCESSOR_DEFINITIONS = (
					"DEBUG=1",
					"$(inherited)",
				);
				GCC_WARN_64_TO_32_BIT_CONVERSION = YES;
				GCC_WARN_ABOUT_RETURN_TYPE = YES_ERROR;
				GCC_WARN_UNDECLARED_SELECTOR = YES;
				GCC_WARN_UNINITIALIZED_AUTOS = YES_AGGRESSIVE;
				GCC_WARN_UNUSED_FUNCTION = YES;
				GCC_WARN_UNUSED_VARIABLE = YES;
				IPHONEOS_DEPLOYMENT_TARGET = 17.2;
				LOCALIZATION_PREFERS_STRING_CATALOGS = YES;
				MTL_ENABLE_DEBUG_INFO = INCLUDE_SOURCE;
				MTL_FAST_MATH = YES;
				ONLY_ACTIVE_ARCH = YES;
				SDKROOT = iphoneos;
				SWIFT_ACTIVE_COMPILATION_CONDITIONS = "DEBUG $(inherited)";
				SWIFT_OPTIMIZATION_LEVEL = "-Onone";
			};
			name = Debug;
		};
		D751F8022C2F13670002E2FB /* Release */ = {
			isa = XCBuildConfiguration;
			buildSettings = {
				ALWAYS_SEARCH_USER_PATHS = NO;
				ASSETCATALOG_COMPILER_GENERATE_SWIFT_ASSET_SYMBOL_EXTENSIONS = YES;
				CLANG_ANALYZER_NONNULL = YES;
				CLANG_ANALYZER_NUMBER_OBJECT_CONVERSION = YES_AGGRESSIVE;
				CLANG_CXX_LANGUAGE_STANDARD = "gnu++20";
				CLANG_ENABLE_MODULES = YES;
				CLANG_ENABLE_OBJC_ARC = YES;
				CLANG_ENABLE_OBJC_WEAK = YES;
				CLANG_WARN_BLOCK_CAPTURE_AUTORELEASING = YES;
				CLANG_WARN_BOOL_CONVERSION = YES;
				CLANG_WARN_COMMA = YES;
				CLANG_WARN_CONSTANT_CONVERSION = YES;
				CLANG_WARN_DEPRECATED_OBJC_IMPLEMENTATIONS = YES;
				CLANG_WARN_DIRECT_OBJC_ISA_USAGE = YES_ERROR;
				CLANG_WARN_DOCUMENTATION_COMMENTS = YES;
				CLANG_WARN_EMPTY_BODY = YES;
				CLANG_WARN_ENUM_CONVERSION = YES;
				CLANG_WARN_INFINITE_RECURSION = YES;
				CLANG_WARN_INT_CONVERSION = YES;
				CLANG_WARN_NON_LITERAL_NULL_CONVERSION = YES;
				CLANG_WARN_OBJC_IMPLICIT_RETAIN_SELF = YES;
				CLANG_WARN_OBJC_LITERAL_CONVERSION = YES;
				CLANG_WARN_OBJC_ROOT_CLASS = YES_ERROR;
				CLANG_WARN_QUOTED_INCLUDE_IN_FRAMEWORK_HEADER = YES;
				CLANG_WARN_RANGE_LOOP_ANALYSIS = YES;
				CLANG_WARN_STRICT_PROTOTYPES = YES;
				CLANG_WARN_SUSPICIOUS_MOVE = YES;
				CLANG_WARN_UNGUARDED_AVAILABILITY = YES_AGGRESSIVE;
				CLANG_WARN_UNREACHABLE_CODE = YES;
				CLANG_WARN__DUPLICATE_METHOD_MATCH = YES;
				COPY_PHASE_STRIP = NO;
				DEBUG_INFORMATION_FORMAT = "dwarf-with-dsym";
				ENABLE_NS_ASSERTIONS = NO;
				ENABLE_STRICT_OBJC_MSGSEND = YES;
				ENABLE_USER_SCRIPT_SANDBOXING = YES;
				GCC_C_LANGUAGE_STANDARD = gnu17;
				GCC_NO_COMMON_BLOCKS = YES;
				GCC_WARN_64_TO_32_BIT_CONVERSION = YES;
				GCC_WARN_ABOUT_RETURN_TYPE = YES_ERROR;
				GCC_WARN_UNDECLARED_SELECTOR = YES;
				GCC_WARN_UNINITIALIZED_AUTOS = YES_AGGRESSIVE;
				GCC_WARN_UNUSED_FUNCTION = YES;
				GCC_WARN_UNUSED_VARIABLE = YES;
				IPHONEOS_DEPLOYMENT_TARGET = 17.2;
				LOCALIZATION_PREFERS_STRING_CATALOGS = YES;
				MTL_ENABLE_DEBUG_INFO = NO;
				MTL_FAST_MATH = YES;
				SDKROOT = iphoneos;
				SWIFT_COMPILATION_MODE = wholemodule;
				VALIDATE_PRODUCT = YES;
			};
			name = Release;
		};
		D751F8042C2F13670002E2FB /* Debug */ = {
			isa = XCBuildConfiguration;
			buildSettings = {
				ASSETCATALOG_COMPILER_APPICON_NAME = AppIcon;
				ASSETCATALOG_COMPILER_GLOBAL_ACCENT_COLOR_NAME = AccentColor;
				CODE_SIGN_STYLE = Automatic;
				CURRENT_PROJECT_VERSION = 1;
				GENERATE_INFOPLIST_FILE = YES;
				INFOPLIST_FILE = ImageGallery/Info.plist;
				INFOPLIST_KEY_UIApplicationSupportsIndirectInputEvents = YES;
				INFOPLIST_KEY_UILaunchStoryboardName = LaunchScreen;
				INFOPLIST_KEY_UIMainStoryboardFile = Main;
				INFOPLIST_KEY_UISupportedInterfaceOrientations_iPad = "UIInterfaceOrientationPortrait UIInterfaceOrientationPortraitUpsideDown UIInterfaceOrientationLandscapeLeft UIInterfaceOrientationLandscapeRight";
				INFOPLIST_KEY_UISupportedInterfaceOrientations_iPhone = "UIInterfaceOrientationPortrait UIInterfaceOrientationLandscapeLeft UIInterfaceOrientationLandscapeRight";
				LD_RUNPATH_SEARCH_PATHS = (
					"$(inherited)",
					"@executable_path/Frameworks",
				);
				MARKETING_VERSION = 1.0;
				PRODUCT_BUNDLE_IDENTIFIER = com.preetam.ImageGallery;
				PRODUCT_NAME = "$(TARGET_NAME)";
				SWIFT_EMIT_LOC_STRINGS = YES;
				SWIFT_VERSION = 5.0;
				TARGETED_DEVICE_FAMILY = "1,2";
			};
			name = Debug;
		};
		D751F8052C2F13670002E2FB /* Release */ = {
			isa = XCBuildConfiguration;
			buildSettings = {
				ASSETCATALOG_COMPILER_APPICON_NAME = AppIcon;
				ASSETCATALOG_COMPILER_GLOBAL_ACCENT_COLOR_NAME = AccentColor;
				CODE_SIGN_STYLE = Automatic;
				CURRENT_PROJECT_VERSION = 1;
				GENERATE_INFOPLIST_FILE = YES;
				INFOPLIST_FILE = ImageGallery/Info.plist;
				INFOPLIST_KEY_UIApplicationSupportsIndirectInputEvents = YES;
				INFOPLIST_KEY_UILaunchStoryboardName = LaunchScreen;
				INFOPLIST_KEY_UIMainStoryboardFile = Main;
				INFOPLIST_KEY_UISupportedInterfaceOrientations_iPad = "UIInterfaceOrientationPortrait UIInterfaceOrientationPortraitUpsideDown UIInterfaceOrientationLandscapeLeft UIInterfaceOrientationLandscapeRight";
				INFOPLIST_KEY_UISupportedInterfaceOrientations_iPhone = "UIInterfaceOrientationPortrait UIInterfaceOrientationLandscapeLeft UIInterfaceOrientationLandscapeRight";
				LD_RUNPATH_SEARCH_PATHS = (
					"$(inherited)",
					"@executable_path/Frameworks",
				);
				MARKETING_VERSION = 1.0;
				PRODUCT_BUNDLE_IDENTIFIER = com.preetam.ImageGallery;
				PRODUCT_NAME = "$(TARGET_NAME)";
				SWIFT_EMIT_LOC_STRINGS = YES;
				SWIFT_VERSION = 5.0;
				TARGETED_DEVICE_FAMILY = "1,2";
			};
			name = Release;
		};
/* End XCBuildConfiguration section */

/* Begin XCConfigurationList section */
		D751F7EA2C2F13650002E2FB /* Build configuration list for PBXProject "ImageGallery" */ = {
			isa = XCConfigurationList;
			buildConfigurations = (
				D751F8012C2F13670002E2FB /* Debug */,
				D751F8022C2F13670002E2FB /* Release */,
			);
			defaultConfigurationIsVisible = 0;
			defaultConfigurationName = Release;
		};
		D751F8032C2F13670002E2FB /* Build configuration list for PBXNativeTarget "ImageGallery" */ = {
			isa = XCConfigurationList;
			buildConfigurations = (
				D751F8042C2F13670002E2FB /* Debug */,
				D751F8052C2F13670002E2FB /* Release */,
			);
			defaultConfigurationIsVisible = 0;
			defaultConfigurationName = Release;
		};
/* End XCConfigurationList section */
	};
	rootObject = D751F7E72C2F13650002E2FB /* Project object */;
}
